// !$*UTF8*$!
{
	archiveVersion = 1;
	classes = {
	};
	objectVersion = 50;
	objects = {

/* Begin PBXBuildFile section */
		C1244BFF2088F3D300F85C2C /* AppDelegate.swift in Sources */ = {isa = PBXBuildFile; fileRef = C1244BFE2088F3D300F85C2C /* AppDelegate.swift */; };
		C1244C012088F3D300F85C2C /* ViewController.swift in Sources */ = {isa = PBXBuildFile; fileRef = C1244C002088F3D300F85C2C /* ViewController.swift */; };
		C1244C042088F3D300F85C2C /* Main.storyboard in Resources */ = {isa = PBXBuildFile; fileRef = C1244C022088F3D300F85C2C /* Main.storyboard */; };
		C1244C072088F3D300F85C2C /* AppMyDelight.xcdatamodeld in Sources */ = {isa = PBXBuildFile; fileRef = C1244C052088F3D300F85C2C /* AppMyDelight.xcdatamodeld */; };
		C1244C092088F3D400F85C2C /* Assets.xcassets in Resources */ = {isa = PBXBuildFile; fileRef = C1244C082088F3D400F85C2C /* Assets.xcassets */; };
		C1244C0C2088F3D400F85C2C /* LaunchScreen.storyboard in Resources */ = {isa = PBXBuildFile; fileRef = C1244C0A2088F3D400F85C2C /* LaunchScreen.storyboard */; };
/* End PBXBuildFile section */

/* Begin PBXFileReference section */
		C1244BFB2088F3D300F85C2C /* AppMyDelight.app */ = {isa = PBXFileReference; explicitFileType = wrapper.application; includeInIndex = 0; path = AppMyDelight.app; sourceTree = BUILT_PRODUCTS_DIR; };
		C1244BFE2088F3D300F85C2C /* AppDelegate.swift */ = {isa = PBXFileReference; lastKnownFileType = sourcecode.swift; path = AppDelegate.swift; sourceTree = "<group>"; };
		C1244C002088F3D300F85C2C /* ViewController.swift */ = {isa = PBXFileReference; lastKnownFileType = sourcecode.swift; path = ViewController.swift; sourceTree = "<group>"; };
		C1244C032088F3D300F85C2C /* Base */ = {isa = PBXFileReference; lastKnownFileType = file.storyboard; name = Base; path = Base.lproj/Main.storyboard; sourceTree = "<group>"; };
		C1244C062088F3D300F85C2C /* AppMyDelight.xcdatamodel */ = {isa = PBXFileReference; lastKnownFileType = wrapper.xcdatamodel; path = AppMyDelight.xcdatamodel; sourceTree = "<group>"; };
		C1244C082088F3D400F85C2C /* Assets.xcassets */ = {isa = PBXFileReference; lastKnownFileType = folder.assetcatalog; path = Assets.xcassets; sourceTree = "<group>"; };
		C1244C0B2088F3D400F85C2C /* Base */ = {isa = PBXFileReference; lastKnownFileType = file.storyboard; name = Base; path = Base.lproj/LaunchScreen.storyboard; sourceTree = "<group>"; };
		C1244C0D2088F3D400F85C2C /* Info.plist */ = {isa = PBXFileReference; lastKnownFileType = text.plist.xml; path = Info.plist; sourceTree = "<group>"; };
/* End PBXFileReference section */

/* Begin PBXFrameworksBuildPhase section */
		C1244BF82088F3D300F85C2C /* Frameworks */ = {
			isa = PBXFrameworksBuildPhase;
			buildActionMask = 2147483647;
			files = (
			);
			runOnlyForDeploymentPostprocessing = 0;
		};
/* End PBXFrameworksBuildPhase section */

/* Begin PBXGroup section */
		C1244BF22088F3D300F85C2C = {
			isa = PBXGroup;
			children = (
				C1244BFD2088F3D300F85C2C /* AppMyDelight */,
				C1244BFC2088F3D300F85C2C /* Products */,
			);
			sourceTree = "<group>";
		};
		C1244BFC2088F3D300F85C2C /* Products */ = {
			isa = PBXGroup;
			children = (
				C1244BFB2088F3D300F85C2C /* AppMyDelight.app */,
			);
			name = Products;
			sourceTree = "<group>";
		};
		C1244BFD2088F3D300F85C2C /* AppMyDelight */ = {
			isa = PBXGroup;
			children = (
				C1244BFE2088F3D300F85C2C /* AppDelegate.swift */,
				C1244C002088F3D300F85C2C /* ViewController.swift */,
				C1244C022088F3D300F85C2C /* Main.storyboard */,
				C1244C082088F3D400F85C2C /* Assets.xcassets */,
				C1244C0A2088F3D400F85C2C /* LaunchScreen.storyboard */,
				C1244C0D2088F3D400F85C2C /* Info.plist */,
				C1244C052088F3D300F85C2C /* AppMyDelight.xcdatamodeld */,
			);
			path = AppMyDelight;
			sourceTree = "<group>";
		};
/* End PBXGroup section */

/* Begin PBXNativeTarget section */
		C1244BFA2088F3D300F85C2C /* AppMyDelight */ = {
			isa = PBXNativeTarget;
			buildConfigurationList = C1244C102088F3D400F85C2C /* Build configuration list for PBXNativeTarget "AppMyDelight" */;
			buildPhases = (
				C1244BF72088F3D300F85C2C /* Sources */,
				C1244BF82088F3D300F85C2C /* Frameworks */,
				C1244BF92088F3D300F85C2C /* Resources */,
			);
			buildRules = (
			);
			dependencies = (
			);
			name = AppMyDelight;
			productName = AppMyDelight;
			productReference = C1244BFB2088F3D300F85C2C /* AppMyDelight.app */;
			productType = "com.apple.product-type.application";
		};
/* End PBXNativeTarget section */

/* Begin PBXProject section */
		C1244BF32088F3D300F85C2C /* Project object */ = {
			isa = PBXProject;
			attributes = {
				LastSwiftUpdateCheck = 0930;
				LastUpgradeCheck = 0930;
				ORGANIZATIONNAME = "vincent portier";
				TargetAttributes = {
					C1244BFA2088F3D300F85C2C = {
						CreatedOnToolsVersion = 9.3;
					};
				};
			};
			buildConfigurationList = C1244BF62088F3D300F85C2C /* Build configuration list for PBXProject "AppMyDelight" */;
			compatibilityVersion = "Xcode 9.3";
			developmentRegion = en;
			hasScannedForEncodings = 0;
			knownRegions = (
				en,
				Base,
			);
			mainGroup = C1244BF22088F3D300F85C2C;
			productRefGroup = C1244BFC2088F3D300F85C2C /* Products */;
			projectDirPath = "";
			projectRoot = "";
			targets = (
				C1244BFA2088F3D300F85C2C /* AppMyDelight */,
			);
		};
/* End PBXProject section */

/* Begin PBXResourcesBuildPhase section */
		C1244BF92088F3D300F85C2C /* Resources */ = {
			isa = PBXResourcesBuildPhase;
			buildActionMask = 2147483647;
			files = (
				C1244C0C2088F3D400F85C2C /* LaunchScreen.storyboard in Resources */,
				C1244C092088F3D400F85C2C /* Assets.xcassets in Resources */,
				C1244C042088F3D300F85C2C /* Main.storyboard in Resources */,
			);
			runOnlyForDeploymentPostprocessing = 0;
		};
/* End PBXResourcesBuildPhase section */

/* Begin PBXSourcesBuildPhase section */
		C1244BF72088F3D300F85C2C /* Sources */ = {
			isa = PBXSourcesBuildPhase;
			buildActionMask = 2147483647;
			files = (
				C1244C012088F3D300F85C2C /* ViewController.swift in Sources */,
				C1244C072088F3D300F85C2C /* AppMyDelight.xcdatamodeld in Sources */,
				C1244BFF2088F3D300F85C2C /* AppDelegate.swift in Sources */,
			);
			runOnlyForDeploymentPostprocessing = 0;
		};
/* End PBXSourcesBuildPhase section */

/* Begin PBXVariantGroup section */
		C1244C022088F3D300F85C2C /* Main.storyboard */ = {
			isa = PBXVariantGroup;
			children = (
				C1244C032088F3D300F85C2C /* Base */,
			);
			name = Main.storyboard;
			sourceTree = "<group>";
		};
		C1244C0A2088F3D400F85C2C /* LaunchScreen.storyboard */ = {
			isa = PBXVariantGroup;
			children = (
				C1244C0B2088F3D400F85C2C /* Base */,
			);
			name = LaunchScreen.storyboard;
			sourceTree = "<group>";
		};
/* End PBXVariantGroup section */

/* Begin XCBuildConfiguration section */
		C1244C0E2088F3D400F85C2C /* Debug */ = {
			isa = XCBuildConfiguration;
			buildSettings = {
				ALWAYS_SEARCH_USER_PATHS = NO;
				CLANG_ANALYZER_NONNULL = YES;
				CLANG_ANALYZER_NUMBER_OBJECT_CONVERSION = YES_AGGRESSIVE;
				CLANG_CXX_LANGUAGE_STANDARD = "gnu++14";
				CLANG_CXX_LIBRARY = "libc++";
				CLANG_ENABLE_MODULES = YES;
				CLANG_ENABLE_OBJC_ARC = YES;
				CLANG_ENABLE_OBJC_WEAK = YES;
				CLANG_WARN_BLOCK_CAPTURE_AUTORELEASING = YES;
				CLANG_WARN_BOOL_CONVERSION = YES;
				CLANG_WARN_COMMA = YES;
				CLANG_WARN_CONSTANT_CONVERSION = YES;
				CLANG_WARN_DEPRECATED_OBJC_IMPLEMENTATIONS = YES;
				CLANG_WARN_DIRECT_OBJC_ISA_USAGE = YES_ERROR;
				CLANG_WARN_DOCUMENTATION_COMMENTS = YES;
				CLANG_WARN_EMPTY_BODY = YES;
				CLANG_WARN_ENUM_CONVERSION = YES;
				CLANG_WARN_INFINITE_RECURSION = YES;
				CLANG_WARN_INT_CONVERSION = YES;
				CLANG_WARN_NON_LITERAL_NULL_CONVERSION = YES;
				CLANG_WARN_OBJC_IMPLICIT_RETAIN_SELF = YES;
				CLANG_WARN_OBJC_LITERAL_CONVERSION = YES;
				CLANG_WARN_OBJC_ROOT_CLASS = YES_ERROR;
				CLANG_WARN_RANGE_LOOP_ANALYSIS = YES;
				CLANG_WARN_STRICT_PROTOTYPES = YES;
				CLANG_WARN_SUSPICIOUS_MOVE = YES;
				CLANG_WARN_UNGUARDED_AVAILABILITY = YES_AGGRESSIVE;
				CLANG_WARN_UNREACHABLE_CODE = YES;
				CLANG_WARN__DUPLICATE_METHOD_MATCH = YES;
				CODE_SIGN_IDENTITY = "iPhone Developer";
				COPY_PHASE_STRIP = NO;
				DEBUG_INFORMATION_FORMAT = dwarf;
				ENABLE_STRICT_OBJC_MSGSEND = YES;
				ENABLE_TESTABILITY = YES;
				GCC_C_LANGUAGE_STANDARD = gnu11;
				GCC_DYNAMIC_NO_PIC = NO;
				GCC_NO_COMMON_BLOCKS = YES;
				GCC_OPTIMIZATION_LEVEL = 0;
				GCC_PREPROCESSOR_DEFINITIONS = (
					"DEBUG=1",
					"$(inherited)",
				);
				GCC_WARN_64_TO_32_BIT_CONVERSION = YES;
				GCC_WARN_ABOUT_RETURN_TYPE = YES_ERROR;
				GCC_WARN_UNDECLARED_SELECTOR = YES;
				GCC_WARN_UNINITIALIZED_AUTOS = YES_AGGRESSIVE;
				GCC_WARN_UNUSED_FUNCTION = YES;
				GCC_WARN_UNUSED_VARIABLE = YES;
				IPHONEOS_DEPLOYMENT_TARGET = 11.3;
				MTL_ENABLE_DEBUG_INFO = YES;
				ONLY_ACTIVE_ARCH = YES;
				SDKROOT = iphoneos;
				SWIFT_ACTIVE_COMPILATION_CONDITIONS = DEBUG;
				SWIFT_OPTIMIZATION_LEVEL = "-Onone";
			};
			name = Debug;
		};
		C1244C0F2088F3D400F85C2C /* Release */ = {
			isa = XCBuildConfiguration;
			buildSettings = {
				ALWAYS_SEARCH_USER_PATHS = NO;
				CLANG_ANALYZER_NONNULL = YES;
				CLANG_ANALYZER_NUMBER_OBJECT_CONVERSION = YES_AGGRESSIVE;
				CLANG_CXX_LANGUAGE_STANDARD = "gnu++14";
				CLANG_CXX_LIBRARY = "libc++";
				CLANG_ENABLE_MODULES = YES;
				CLANG_ENABLE_OBJC_ARC = YES;
				CLANG_ENABLE_OBJC_WEAK = YES;
				CLANG_WARN_BLOCK_CAPTURE_AUTORELEASING = YES;
				CLANG_WARN_BOOL_CONVERSION = YES;
				CLANG_WARN_COMMA = YES;
				CLANG_WARN_CONSTANT_CONVERSION = YES;
				CLANG_WARN_DEPRECATED_OBJC_IMPLEMENTATIONS = YES;
				CLANG_WARN_DIRECT_OBJC_ISA_USAGE = YES_ERROR;
				CLANG_WARN_DOCUMENTATION_COMMENTS = YES;
				CLANG_WARN_EMPTY_BODY = YES;
				CLANG_WARN_ENUM_CONVERSION = YES;
				CLANG_WARN_INFINITE_RECURSION = YES;
				CLANG_WARN_INT_CONVERSION = YES;
				CLANG_WARN_NON_LITERAL_NULL_CONVERSION = YES;
				CLANG_WARN_OBJC_IMPLICIT_RETAIN_SELF = YES;
				CLANG_WARN_OBJC_LITERAL_CONVERSION = YES;
				CLANG_WARN_OBJC_ROOT_CLASS = YES_ERROR;
				CLANG_WARN_RANGE_LOOP_ANALYSIS = YES;
				CLANG_WARN_STRICT_PROTOTYPES = YES;
				CLANG_WARN_SUSPICIOUS_MOVE = YES;
				CLANG_WARN_UNGUARDED_AVAILABILITY = YES_AGGRESSIVE;
				CLANG_WARN_UNREACHABLE_CODE = YES;
				CLANG_WARN__DUPLICATE_METHOD_MATCH = YES;
				CODE_SIGN_IDENTITY = "iPhone Developer";
				COPY_PHASE_STRIP = NO;
				DEBUG_INFORMATION_FORMAT = "dwarf-with-dsym";
				ENABLE_NS_ASSERTIONS = NO;
				ENABLE_STRICT_OBJC_MSGSEND = YES;
				GCC_C_LANGUAGE_STANDARD = gnu11;
				GCC_NO_COMMON_BLOCKS = YES;
				GCC_WARN_64_TO_32_BIT_CONVERSION = YES;
				GCC_WARN_ABOUT_RETURN_TYPE = YES_ERROR;
				GCC_WARN_UNDECLARED_SELECTOR = YES;
				GCC_WARN_UNINITIALIZED_AUTOS = YES_AGGRESSIVE;
				GCC_WARN_UNUSED_FUNCTION = YES;
				GCC_WARN_UNUSED_VARIABLE = YES;
				IPHONEOS_DEPLOYMENT_TARGET = 11.3;
				MTL_ENABLE_DEBUG_INFO = NO;
				SDKROOT = iphoneos;
				SWIFT_COMPILATION_MODE = wholemodule;
				SWIFT_OPTIMIZATION_LEVEL = "-O";
				VALIDATE_PRODUCT = YES;
			};
			name = Release;
		};
		C1244C112088F3D400F85C2C /* Debug */ = {
			isa = XCBuildConfiguration;
			buildSettings = {
				ASSETCATALOG_COMPILER_APPICON_NAME = AppIcon;
				CODE_SIGN_STYLE = Automatic;
				DEVELOPMENT_TEAM = W72835Q984;
				INFOPLIST_FILE = AppMyDelight/Info.plist;
				LD_RUNPATH_SEARCH_PATHS = (
					"$(inherited)",
					"@executable_path/Frameworks",
				);
				PRODUCT_BUNDLE_IDENTIFIER = com.vp.AppMyDelight;
				PRODUCT_NAME = "$(TARGET_NAME)";
				SWIFT_VERSION = 4.0;
				TARGETED_DEVICE_FAMILY = "1,2";
			};
			name = Debug;
		};
		C1244C122088F3D400F85C2C /* Release */ = {
			isa = XCBuildConfiguration;
			buildSettings = {
				ASSETCATALOG_COMPILER_APPICON_NAME = AppIcon;
				CODE_SIGN_STYLE = Automatic;
				DEVELOPMENT_TEAM = W72835Q984;
				INFOPLIST_FILE = AppMyDelight/Info.plist;
				LD_RUNPATH_SEARCH_PATHS = (
					"$(inherited)",
					"@executable_path/Frameworks",
				);
				PRODUCT_BUNDLE_IDENTIFIER = com.vp.AppMyDelight;
				PRODUCT_NAME = "$(TARGET_NAME)";
				SWIFT_VERSION = 4.0;
				TARGETED_DEVICE_FAMILY = "1,2";
			};
			name = Release;
		};
/* End XCBuildConfiguration section */

/* Begin XCConfigurationList section */
		C1244BF62088F3D300F85C2C /* Build configuration list for PBXProject "AppMyDelight" */ = {
			isa = XCConfigurationList;
			buildConfigurations = (
				C1244C0E2088F3D400F85C2C /* Debug */,
				C1244C0F2088F3D400F85C2C /* Release */,
			);
			defaultConfigurationIsVisible = 0;
			defaultConfigurationName = Release;
		};
		C1244C102088F3D400F85C2C /* Build configuration list for PBXNativeTarget "AppMyDelight" */ = {
			isa = XCConfigurationList;
			buildConfigurations = (
				C1244C112088F3D400F85C2C /* Debug */,
				C1244C122088F3D400F85C2C /* Release */,
			);
			defaultConfigurationIsVisible = 0;
			defaultConfigurationName = Release;
		};
/* End XCConfigurationList section */

/* Begin XCVersionGroup section */
		C1244C052088F3D300F85C2C /* AppMyDelight.xcdatamodeld */ = {
			isa = XCVersionGroup;
			children = (
				C1244C062088F3D300F85C2C /* AppMyDelight.xcdatamodel */,
			);
			currentVersion = C1244C062088F3D300F85C2C /* AppMyDelight.xcdatamodel */;
			path = AppMyDelight.xcdatamodeld;
			sourceTree = "<group>";
			versionGroupType = wrapper.xcdatamodel;
		};
/* End XCVersionGroup section */
	};
	rootObject = C1244BF32088F3D300F85C2C /* Project object */;
}
